
Microsoft Visual Studio Solution File, Format Version 12.00
# Visual Studio Version 17
VisualStudioVersion = 17.4.33213.308
MinimumVisualStudioVersion = 10.0.40219.1
Project("{9A19103F-16F7-4668-BE54-9A1E7A4F7556}") = "RVP.Task.3", "RVP.Task.3.csproj", "{8EB232EA-6427-4E71-B222-105AE8E59C4F}"
EndProject
Global
	GlobalSection(SolutionConfigurationPlatforms) = preSolution
		Debug|Any CPU = Debug|Any CPU
		Release|Any CPU = Release|Any CPU
	EndGlobalSection
	GlobalSection(ProjectConfigurationPlatforms) = postSolution
		{8EB232EA-6427-4E71-B222-105AE8E59C4F}.Debug|Any CPU.ActiveCfg = Debug|Any CPU
		{8EB232EA-6427-4E71-B222-105AE8E59C4F}.Debug|Any CPU.Build.0 = Debug|Any CPU
		{8EB232EA-6427-4E71-B222-105AE8E59C4F}.Release|Any CPU.ActiveCfg = Release|Any CPU
		{8EB232EA-6427-4E71-B222-105AE8E59C4F}.Release|Any CPU.Build.0 = Release|Any CPU
	EndGlobalSection
	GlobalSection(SolutionProperties) = preSolution
		HideSolutionNode = FALSE
	EndGlobalSection
	GlobalSection(ExtensibilityGlobals) = postSolution
		SolutionGuid = {FA8318A6-2FEC-4C7E-B252-83BCD79D9FE8}
	EndGlobalSection
EndGlobal
